
Microsoft Visual Studio Solution File, Format Version 12.00
# Visual Studio Version 17
VisualStudioVersion = 17.12.35309.182
MinimumVisualStudioVersion = 10.0.40219.1
Project("{FAE04EC0-301F-11D3-BF4B-00C04F79EFBC}") = "Calculator", "Calculator\Calculator.csproj", "{CE0853C5-74AD-4280-BF00-817D7125353E}"
EndProject
Project("{FAE04EC0-301F-11D3-BF4B-00C04F79EFBC}") = "Calculator.Tests", "Calculator.Tests\Calculator.Tests.csproj", "{B81372A2-9D47-47CE-9949-24AB57D7936A}"
EndProject
Global
	GlobalSection(SolutionConfigurationPlatforms) = preSolution
		Debug|Any CPU = Debug|Any CPU
		Release|Any CPU = Release|Any CPU
	EndGlobalSection
	GlobalSection(ProjectConfigurationPlatforms) = postSolution
		{CE0853C5-74AD-4280-BF00-817D7125353E}.Debug|Any CPU.ActiveCfg = Debug|Any CPU
		{CE0853C5-74AD-4280-BF00-817D7125353E}.Debug|Any CPU.Build.0 = Debug|Any CPU
		{CE0853C5-74AD-4280-BF00-817D7125353E}.Release|Any CPU.ActiveCfg = Release|Any CPU
		{CE0853C5-74AD-4280-BF00-817D7125353E}.Release|Any CPU.Build.0 = Release|Any CPU
		{B81372A2-9D47-47CE-9949-24AB57D7936A}.Debug|Any CPU.ActiveCfg = Debug|Any CPU
		{B81372A2-9D47-47CE-9949-24AB57D7936A}.Debug|Any CPU.Build.0 = Debug|Any CPU
		{B81372A2-9D47-47CE-9949-24AB57D7936A}.Release|Any CPU.ActiveCfg = Release|Any CPU
		{B81372A2-9D47-47CE-9949-24AB57D7936A}.Release|Any CPU.Build.0 = Release|Any CPU
	EndGlobalSection
	GlobalSection(SolutionProperties) = preSolution
		HideSolutionNode = FALSE
	EndGlobalSection
	GlobalSection(ExtensibilityGlobals) = postSolution
		SolutionGuid = {7387D910-6D10-4282-A104-1F3F021C273C}
	EndGlobalSection
EndGlobal
