
Microsoft Visual Studio Solution File, Format Version 12.00
# Visual Studio Version 17
VisualStudioVersion = 17.12.35309.182
MinimumVisualStudioVersion = 10.0.40219.1
Project("{FAE04EC0-301F-11D3-BF4B-00C04F79EFBC}") = "HalloTrace", "HalloTrace\HalloTrace.csproj", "{9ECFD6C3-87F0-4423-B421-28C0FE48C77C}"
EndProject
Global
	GlobalSection(SolutionConfigurationPlatforms) = preSolution
		Debug|Any CPU = Debug|Any CPU
		Release|Any CPU = Release|Any CPU
	EndGlobalSection
	GlobalSection(ProjectConfigurationPlatforms) = postSolution
		{9ECFD6C3-87F0-4423-B421-28C0FE48C77C}.Debug|Any CPU.ActiveCfg = Debug|Any CPU
		{9ECFD6C3-87F0-4423-B421-28C0FE48C77C}.Debug|Any CPU.Build.0 = Debug|Any CPU
		{9ECFD6C3-87F0-4423-B421-28C0FE48C77C}.Release|Any CPU.ActiveCfg = Release|Any CPU
		{9ECFD6C3-87F0-4423-B421-28C0FE48C77C}.Release|Any CPU.Build.0 = Release|Any CPU
	EndGlobalSection
	GlobalSection(SolutionProperties) = preSolution
		HideSolutionNode = FALSE
	EndGlobalSection
	GlobalSection(ExtensibilityGlobals) = postSolution
		SolutionGuid = {787E972F-F942-4789-A25B-88D9A2C0EA40}
	EndGlobalSection
EndGlobal
